
Microsoft Visual Studio Solution File, Format Version 12.00
# Visual Studio 14
VisualStudioVersion = 14.0.25420.1
MinimumVisualStudioVersion = 10.0.40219.1
Project("{FAE04EC0-301F-11D3-BF4B-00C04F79EFBC}") = "OS.Core.Data.Queries", "Core\OS.Core.Data.Queries\OS.Core.Data.Queries.csproj", "{6033127B-EF72-4203-AE04-F7652BA92951}"
EndProject
Project("{FAE04EC0-301F-11D3-BF4B-00C04F79EFBC}") = "OS.Core.Common", "Core\OS.Core.Common\OS.Core.Common.csproj", "{1B3DFA40-8FAE-4EF6-9535-AE4E95056B62}"
EndProject
Project("{FAE04EC0-301F-11D3-BF4B-00C04F79EFBC}") = "OS.Core.Data.Common", "Core\OS.Core.Data.Common\OS.Core.Data.Common.csproj", "{ACCF7BD4-5496-49FB-9D74-99C7E66E87A2}"
EndProject
Project("{FAE04EC0-301F-11D3-BF4B-00C04F79EFBC}") = "OS.Core.Data.Entities", "Core\OS.Core.Data.Entities\OS.Core.Data.Entities.csproj", "{74270E50-F519-46D6-A3EE-42505EEF8C6D}"
EndProject
Project("{FAE04EC0-301F-11D3-BF4B-00C04F79EFBC}") = "OS.Core.Entities", "Core\OS.Core.Entities\OS.Core.Entities.csproj", "{2583A624-D2DF-4F4B-AA13-1BCD5C0480BC}"
EndProject
Project("{8BB2217D-0F2D-49D1-97BC-3654ED321F3B}") = "OS.Core.One.Data.Queries", "Core\1.0\OS.Core.One.Data.Queries\OS.Core.One.Data.Queries.xproj", "{D78E909E-DE55-4DF6-AC9A-811D253CCABC}"
EndProject
Project("{8BB2217D-0F2D-49D1-97BC-3654ED321F3B}") = "OS.Core.One.Data.Entities", "Core\1.0\OS.Core.One.Data.Entities\OS.Core.One.Data.Entities.xproj", "{FB35F470-F626-4775-8AAD-F97F3DEBF316}"
EndProject
Project("{2150E333-8FDC-42A3-9474-1A3956D46DE8}") = "1.0", "1.0", "{6E579EC2-9CE4-4DAD-9466-F16BB13D4CF5}"
EndProject
Project("{2150E333-8FDC-42A3-9474-1A3956D46DE8}") = "Core", "Core", "{26442003-F6FE-4125-B3FB-0148808D7DD8}"
EndProject
Project("{8BB2217D-0F2D-49D1-97BC-3654ED321F3B}") = "OS.Core.One.Data.Common", "Core\1.0\OS.Core.One.Data.Common\OS.Core.One.Data.Common.xproj", "{8EA70255-5A2B-44C2-9852-645870CE7D53}"
EndProject
Project("{8BB2217D-0F2D-49D1-97BC-3654ED321F3B}") = "OS.Core.One.Common", "Core\1.0\OS.Core.One.Common\OS.Core.One.Common.xproj", "{D12AB4EC-8826-46E3-AB11-869A57E38386}"
EndProject
Project("{8BB2217D-0F2D-49D1-97BC-3654ED321F3B}") = "OS.Web.API", "API\OS.Web.API\OS.Web.API.xproj", "{A278EE20-A072-41F0-B536-286B578B0000}"
EndProject
Project("{2150E333-8FDC-42A3-9474-1A3956D46DE8}") = "API", "API", "{96D2C2A3-E77C-4220-9B6E-723A77F456CF}"
EndProject
Project("{2150E333-8FDC-42A3-9474-1A3956D46DE8}") = "Solution Items", "Solution Items", "{16C0F9F2-2205-41B2-A732-358DFBE26DC8}"
	ProjectSection(SolutionItems) = preProject
		global.json = global.json
	EndProjectSection
EndProject
Project("{2150E333-8FDC-42A3-9474-1A3956D46DE8}") = "DbScripts", "DbScripts", "{E349B08F-3291-4BF5-A3C0-18EA765A0DED}"
	ProjectSection(SolutionItems) = preProject
		DbScripts\Baseline.sql = DbScripts\Baseline.sql
	EndProjectSection
EndProject
Global
	GlobalSection(SolutionConfigurationPlatforms) = preSolution
		Debug|Any CPU = Debug|Any CPU
		Release|Any CPU = Release|Any CPU
	EndGlobalSection
	GlobalSection(ProjectConfigurationPlatforms) = postSolution
		{6033127B-EF72-4203-AE04-F7652BA92951}.Debug|Any CPU.ActiveCfg = Debug|Any CPU
		{6033127B-EF72-4203-AE04-F7652BA92951}.Debug|Any CPU.Build.0 = Debug|Any CPU
		{6033127B-EF72-4203-AE04-F7652BA92951}.Release|Any CPU.ActiveCfg = Release|Any CPU
		{6033127B-EF72-4203-AE04-F7652BA92951}.Release|Any CPU.Build.0 = Release|Any CPU
		{1B3DFA40-8FAE-4EF6-9535-AE4E95056B62}.Debug|Any CPU.ActiveCfg = Debug|Any CPU
		{1B3DFA40-8FAE-4EF6-9535-AE4E95056B62}.Debug|Any CPU.Build.0 = Debug|Any CPU
		{1B3DFA40-8FAE-4EF6-9535-AE4E95056B62}.Release|Any CPU.ActiveCfg = Release|Any CPU
		{1B3DFA40-8FAE-4EF6-9535-AE4E95056B62}.Release|Any CPU.Build.0 = Release|Any CPU
		{ACCF7BD4-5496-49FB-9D74-99C7E66E87A2}.Debug|Any CPU.ActiveCfg = Debug|Any CPU
		{ACCF7BD4-5496-49FB-9D74-99C7E66E87A2}.Debug|Any CPU.Build.0 = Debug|Any CPU
		{ACCF7BD4-5496-49FB-9D74-99C7E66E87A2}.Release|Any CPU.ActiveCfg = Release|Any CPU
		{ACCF7BD4-5496-49FB-9D74-99C7E66E87A2}.Release|Any CPU.Build.0 = Release|Any CPU
		{74270E50-F519-46D6-A3EE-42505EEF8C6D}.Debug|Any CPU.ActiveCfg = Debug|Any CPU
		{74270E50-F519-46D6-A3EE-42505EEF8C6D}.Debug|Any CPU.Build.0 = Debug|Any CPU
		{74270E50-F519-46D6-A3EE-42505EEF8C6D}.Release|Any CPU.ActiveCfg = Release|Any CPU
		{74270E50-F519-46D6-A3EE-42505EEF8C6D}.Release|Any CPU.Build.0 = Release|Any CPU
		{2583A624-D2DF-4F4B-AA13-1BCD5C0480BC}.Debug|Any CPU.ActiveCfg = Debug|Any CPU
		{2583A624-D2DF-4F4B-AA13-1BCD5C0480BC}.Debug|Any CPU.Build.0 = Debug|Any CPU
		{2583A624-D2DF-4F4B-AA13-1BCD5C0480BC}.Release|Any CPU.ActiveCfg = Release|Any CPU
		{2583A624-D2DF-4F4B-AA13-1BCD5C0480BC}.Release|Any CPU.Build.0 = Release|Any CPU
		{D78E909E-DE55-4DF6-AC9A-811D253CCABC}.Debug|Any CPU.ActiveCfg = Debug|Any CPU
		{D78E909E-DE55-4DF6-AC9A-811D253CCABC}.Debug|Any CPU.Build.0 = Debug|Any CPU
		{D78E909E-DE55-4DF6-AC9A-811D253CCABC}.Release|Any CPU.ActiveCfg = Release|Any CPU
		{D78E909E-DE55-4DF6-AC9A-811D253CCABC}.Release|Any CPU.Build.0 = Release|Any CPU
		{FB35F470-F626-4775-8AAD-F97F3DEBF316}.Debug|Any CPU.ActiveCfg = Debug|Any CPU
		{FB35F470-F626-4775-8AAD-F97F3DEBF316}.Debug|Any CPU.Build.0 = Debug|Any CPU
		{FB35F470-F626-4775-8AAD-F97F3DEBF316}.Release|Any CPU.ActiveCfg = Release|Any CPU
		{FB35F470-F626-4775-8AAD-F97F3DEBF316}.Release|Any CPU.Build.0 = Release|Any CPU
		{8EA70255-5A2B-44C2-9852-645870CE7D53}.Debug|Any CPU.ActiveCfg = Debug|Any CPU
		{8EA70255-5A2B-44C2-9852-645870CE7D53}.Debug|Any CPU.Build.0 = Debug|Any CPU
		{8EA70255-5A2B-44C2-9852-645870CE7D53}.Release|Any CPU.ActiveCfg = Release|Any CPU
		{8EA70255-5A2B-44C2-9852-645870CE7D53}.Release|Any CPU.Build.0 = Release|Any CPU
		{D12AB4EC-8826-46E3-AB11-869A57E38386}.Debug|Any CPU.ActiveCfg = Debug|Any CPU
		{D12AB4EC-8826-46E3-AB11-869A57E38386}.Debug|Any CPU.Build.0 = Debug|Any CPU
		{D12AB4EC-8826-46E3-AB11-869A57E38386}.Release|Any CPU.ActiveCfg = Release|Any CPU
		{D12AB4EC-8826-46E3-AB11-869A57E38386}.Release|Any CPU.Build.0 = Release|Any CPU
		{A278EE20-A072-41F0-B536-286B578B0000}.Debug|Any CPU.ActiveCfg = Debug|Any CPU
		{A278EE20-A072-41F0-B536-286B578B0000}.Debug|Any CPU.Build.0 = Debug|Any CPU
		{A278EE20-A072-41F0-B536-286B578B0000}.Release|Any CPU.ActiveCfg = Release|Any CPU
		{A278EE20-A072-41F0-B536-286B578B0000}.Release|Any CPU.Build.0 = Release|Any CPU
	EndGlobalSection
	GlobalSection(SolutionProperties) = preSolution
		HideSolutionNode = FALSE
	EndGlobalSection
	GlobalSection(NestedProjects) = preSolution
		{6033127B-EF72-4203-AE04-F7652BA92951} = {26442003-F6FE-4125-B3FB-0148808D7DD8}
		{1B3DFA40-8FAE-4EF6-9535-AE4E95056B62} = {26442003-F6FE-4125-B3FB-0148808D7DD8}
		{ACCF7BD4-5496-49FB-9D74-99C7E66E87A2} = {26442003-F6FE-4125-B3FB-0148808D7DD8}
		{74270E50-F519-46D6-A3EE-42505EEF8C6D} = {26442003-F6FE-4125-B3FB-0148808D7DD8}
		{2583A624-D2DF-4F4B-AA13-1BCD5C0480BC} = {26442003-F6FE-4125-B3FB-0148808D7DD8}
		{D78E909E-DE55-4DF6-AC9A-811D253CCABC} = {6E579EC2-9CE4-4DAD-9466-F16BB13D4CF5}
		{FB35F470-F626-4775-8AAD-F97F3DEBF316} = {6E579EC2-9CE4-4DAD-9466-F16BB13D4CF5}
		{8EA70255-5A2B-44C2-9852-645870CE7D53} = {6E579EC2-9CE4-4DAD-9466-F16BB13D4CF5}
		{D12AB4EC-8826-46E3-AB11-869A57E38386} = {6E579EC2-9CE4-4DAD-9466-F16BB13D4CF5}
		{A278EE20-A072-41F0-B536-286B578B0000} = {96D2C2A3-E77C-4220-9B6E-723A77F456CF}
	EndGlobalSection
EndGlobal
