
Microsoft Visual Studio Solution File, Format Version 12.00
# Visual Studio 14
VisualStudioVersion = 14.0.25420.1
MinimumVisualStudioVersion = 10.0.40219.1
Project("{FAE04EC0-301F-11D3-BF4B-00C04F79EFBC}") = "OS.Core.Data.Queries", "Core\OS.Core.Data.Queries\OS.Core.Data.Queries.csproj", "{6033127B-EF72-4203-AE04-F7652BA92951}"
EndProject
Project("{FAE04EC0-301F-11D3-BF4B-00C04F79EFBC}") = "OS.Core.Common", "Core\OS.Core.Common\OS.Core.Common.csproj", "{1B3DFA40-8FAE-4EF6-9535-AE4E95056B62}"
EndProject
Project("{FAE04EC0-301F-11D3-BF4B-00C04F79EFBC}") = "OS.Core.Data.Common", "Core\OS.Core.Data.Common\OS.Core.Data.Common.csproj", "{ACCF7BD4-5496-49FB-9D74-99C7E66E87A2}"
EndProject
Project("{FAE04EC0-301F-11D3-BF4B-00C04F79EFBC}") = "OS.Core.Data.Entities", "Core\OS.Core.Data.Entities\OS.Core.Data.Entities.csproj", "{74270E50-F519-46D6-A3EE-42505EEF8C6D}"
EndProject
Project("{FAE04EC0-301F-11D3-BF4B-00C04F79EFBC}") = "OS.Core.Entities", "Core\OS.Core.Entities\OS.Core.Entities.csproj", "{2583A624-D2DF-4F4B-AA13-1BCD5C0480BC}"
EndProject
Global
	GlobalSection(SolutionConfigurationPlatforms) = preSolution
		Debug|Any CPU = Debug|Any CPU
		Release|Any CPU = Release|Any CPU
	EndGlobalSection
	GlobalSection(ProjectConfigurationPlatforms) = postSolution
		{6033127B-EF72-4203-AE04-F7652BA92951}.Debug|Any CPU.ActiveCfg = Debug|Any CPU
		{6033127B-EF72-4203-AE04-F7652BA92951}.Debug|Any CPU.Build.0 = Debug|Any CPU
		{6033127B-EF72-4203-AE04-F7652BA92951}.Release|Any CPU.ActiveCfg = Release|Any CPU
		{6033127B-EF72-4203-AE04-F7652BA92951}.Release|Any CPU.Build.0 = Release|Any CPU
		{1B3DFA40-8FAE-4EF6-9535-AE4E95056B62}.Debug|Any CPU.ActiveCfg = Debug|Any CPU
		{1B3DFA40-8FAE-4EF6-9535-AE4E95056B62}.Debug|Any CPU.Build.0 = Debug|Any CPU
		{1B3DFA40-8FAE-4EF6-9535-AE4E95056B62}.Release|Any CPU.ActiveCfg = Release|Any CPU
		{1B3DFA40-8FAE-4EF6-9535-AE4E95056B62}.Release|Any CPU.Build.0 = Release|Any CPU
		{ACCF7BD4-5496-49FB-9D74-99C7E66E87A2}.Debug|Any CPU.ActiveCfg = Debug|Any CPU
		{ACCF7BD4-5496-49FB-9D74-99C7E66E87A2}.Debug|Any CPU.Build.0 = Debug|Any CPU
		{ACCF7BD4-5496-49FB-9D74-99C7E66E87A2}.Release|Any CPU.ActiveCfg = Release|Any CPU
		{ACCF7BD4-5496-49FB-9D74-99C7E66E87A2}.Release|Any CPU.Build.0 = Release|Any CPU
		{74270E50-F519-46D6-A3EE-42505EEF8C6D}.Debug|Any CPU.ActiveCfg = Debug|Any CPU
		{74270E50-F519-46D6-A3EE-42505EEF8C6D}.Debug|Any CPU.Build.0 = Debug|Any CPU
		{74270E50-F519-46D6-A3EE-42505EEF8C6D}.Release|Any CPU.ActiveCfg = Release|Any CPU
		{74270E50-F519-46D6-A3EE-42505EEF8C6D}.Release|Any CPU.Build.0 = Release|Any CPU
		{2583A624-D2DF-4F4B-AA13-1BCD5C0480BC}.Debug|Any CPU.ActiveCfg = Debug|Any CPU
		{2583A624-D2DF-4F4B-AA13-1BCD5C0480BC}.Debug|Any CPU.Build.0 = Debug|Any CPU
		{2583A624-D2DF-4F4B-AA13-1BCD5C0480BC}.Release|Any CPU.ActiveCfg = Release|Any CPU
		{2583A624-D2DF-4F4B-AA13-1BCD5C0480BC}.Release|Any CPU.Build.0 = Release|Any CPU
	EndGlobalSection
	GlobalSection(SolutionProperties) = preSolution
		HideSolutionNode = FALSE
	EndGlobalSection
EndGlobal
